
Microsoft Visual Studio Solution File, Format Version 12.00
# Visual Studio Version 17
VisualStudioVersion = 17.1.32407.343
MinimumVisualStudioVersion = 10.0.40219.1
Project("{FAE04EC0-301F-11D3-BF4B-00C04F79EFBC}") = "Invoice", "Invoice.csproj", "{38DBD978-D991-44DD-86E9-81EE4283AF15}"
EndProject
Global
	GlobalSection(SolutionConfigurationPlatforms) = preSolution
		Debug|Any CPU = Debug|Any CPU
		Release|Any CPU = Release|Any CPU
	EndGlobalSection
	GlobalSection(ProjectConfigurationPlatforms) = postSolution
		{38DBD978-D991-44DD-86E9-81EE4283AF15}.Debug|Any CPU.ActiveCfg = Debug|Any CPU
		{38DBD978-D991-44DD-86E9-81EE4283AF15}.Debug|Any CPU.Build.0 = Debug|Any CPU
		{38DBD978-D991-44DD-86E9-81EE4283AF15}.Release|Any CPU.ActiveCfg = Release|Any CPU
		{38DBD978-D991-44DD-86E9-81EE4283AF15}.Release|Any CPU.Build.0 = Release|Any CPU
	EndGlobalSection
	GlobalSection(SolutionProperties) = preSolution
		HideSolutionNode = FALSE
	EndGlobalSection
	GlobalSection(ExtensibilityGlobals) = postSolution
		SolutionGuid = {C04902D9-157A-4AAC-A627-104DE12E2AE8}
	EndGlobalSection
EndGlobal
